
Microsoft Visual Studio Solution File, Format Version 12.00
# Visual Studio Version 17
VisualStudioVersion = 17.2.32516.85
MinimumVisualStudioVersion = 10.0.40219.1
Project("{FAE04EC0-301F-11D3-BF4B-00C04F79EFBC}") = "Gymbokning", "Gymbokning\Gymbokning.csproj", "{E8EAE2ED-B232-4E2B-917D-69E6A255115D}"
EndProject
Global
	GlobalSection(SolutionConfigurationPlatforms) = preSolution
		Debug|Any CPU = Debug|Any CPU
		Release|Any CPU = Release|Any CPU
	EndGlobalSection
	GlobalSection(ProjectConfigurationPlatforms) = postSolution
		{E8EAE2ED-B232-4E2B-917D-69E6A255115D}.Debug|Any CPU.ActiveCfg = Debug|Any CPU
		{E8EAE2ED-B232-4E2B-917D-69E6A255115D}.Debug|Any CPU.Build.0 = Debug|Any CPU
		{E8EAE2ED-B232-4E2B-917D-69E6A255115D}.Release|Any CPU.ActiveCfg = Release|Any CPU
		{E8EAE2ED-B232-4E2B-917D-69E6A255115D}.Release|Any CPU.Build.0 = Release|Any CPU
	EndGlobalSection
	GlobalSection(SolutionProperties) = preSolution
		HideSolutionNode = FALSE
	EndGlobalSection
	GlobalSection(ExtensibilityGlobals) = postSolution
		SolutionGuid = {85056654-DB95-458A-B6CA-E3319AC9E2C6}
	EndGlobalSection
EndGlobal
